
Microsoft Visual Studio Solution File, Format Version 9.00
# Visual Studio 2005
Project("{8BC9CEB8-8B4A-11D0-8D11-00A0C91BC942}") = "PNALaunch", "PNALaunch\PNALaunch.vcproj", "{6179ED27-1700-43DC-A5A9-10C3CAA0F658}"
EndProject
Project("{8BC9CEB8-8B4A-11D0-8D11-00A0C91BC942}") = "wbtest", "wbtest\wbtest.vcproj", "{F63DB020-36F4-44E5-ADED-452EDBCF22CA}"
EndProject
Project("{8BC9CEB8-8B4A-11D0-8D11-00A0C91BC942}") = "PNAMenu", "PNAMenu\PNAMenu.vcproj", "{B4C27C35-395C-4716-A696-68EB227077CC}"
EndProject
Project("{8BC9CEB8-8B4A-11D0-8D11-00A0C91BC942}") = "PNAProxy", "PNAProxy\PNAProxy.vcproj", "{40726A58-F845-4CF5-97E6-49C0934494A1}"
EndProject
Project("{8BC9CEB8-8B4A-11D0-8D11-00A0C91BC942}") = "Sandbox", "Sandbox\Sandbox.vcproj", "{04DBDE62-9898-48C7-AA48-530F242E844E}"
EndProject
Global
	GlobalSection(SubversionScc) = preSolution
		Svn-Managed = True
		Manager = AnkhSVN - Subversion Support for Visual Studio
	EndGlobalSection
	GlobalSection(SolutionConfigurationPlatforms) = preSolution
		Debug|Mixed Platforms = Debug|Mixed Platforms
		Debug|STANDARDSDK_500 (ARMV4I) = Debug|STANDARDSDK_500 (ARMV4I)
		Debug|Win32 = Debug|Win32
		Release|Mixed Platforms = Release|Mixed Platforms
		Release|STANDARDSDK_500 (ARMV4I) = Release|STANDARDSDK_500 (ARMV4I)
		Release|Win32 = Release|Win32
	EndGlobalSection
	GlobalSection(ProjectConfigurationPlatforms) = postSolution
		{6179ED27-1700-43DC-A5A9-10C3CAA0F658}.Debug|Mixed Platforms.ActiveCfg = Debug|Win32
		{6179ED27-1700-43DC-A5A9-10C3CAA0F658}.Debug|Mixed Platforms.Build.0 = Debug|Win32
		{6179ED27-1700-43DC-A5A9-10C3CAA0F658}.Debug|STANDARDSDK_500 (ARMV4I).ActiveCfg = Debug|STANDARDSDK_500 (ARMV4I)
		{6179ED27-1700-43DC-A5A9-10C3CAA0F658}.Debug|STANDARDSDK_500 (ARMV4I).Build.0 = Debug|STANDARDSDK_500 (ARMV4I)
		{6179ED27-1700-43DC-A5A9-10C3CAA0F658}.Debug|STANDARDSDK_500 (ARMV4I).Deploy.0 = Debug|STANDARDSDK_500 (ARMV4I)
		{6179ED27-1700-43DC-A5A9-10C3CAA0F658}.Debug|Win32.ActiveCfg = Debug|Win32
		{6179ED27-1700-43DC-A5A9-10C3CAA0F658}.Debug|Win32.Build.0 = Debug|Win32
		{6179ED27-1700-43DC-A5A9-10C3CAA0F658}.Release|Mixed Platforms.ActiveCfg = Release|Win32
		{6179ED27-1700-43DC-A5A9-10C3CAA0F658}.Release|Mixed Platforms.Build.0 = Release|Win32
		{6179ED27-1700-43DC-A5A9-10C3CAA0F658}.Release|STANDARDSDK_500 (ARMV4I).ActiveCfg = Release|STANDARDSDK_500 (ARMV4I)
		{6179ED27-1700-43DC-A5A9-10C3CAA0F658}.Release|STANDARDSDK_500 (ARMV4I).Build.0 = Release|STANDARDSDK_500 (ARMV4I)
		{6179ED27-1700-43DC-A5A9-10C3CAA0F658}.Release|STANDARDSDK_500 (ARMV4I).Deploy.0 = Release|STANDARDSDK_500 (ARMV4I)
		{6179ED27-1700-43DC-A5A9-10C3CAA0F658}.Release|Win32.ActiveCfg = Release|Win32
		{6179ED27-1700-43DC-A5A9-10C3CAA0F658}.Release|Win32.Build.0 = Release|Win32
		{F63DB020-36F4-44E5-ADED-452EDBCF22CA}.Debug|Mixed Platforms.ActiveCfg = Debug|Win32
		{F63DB020-36F4-44E5-ADED-452EDBCF22CA}.Debug|Mixed Platforms.Build.0 = Debug|Win32
		{F63DB020-36F4-44E5-ADED-452EDBCF22CA}.Debug|STANDARDSDK_500 (ARMV4I).ActiveCfg = Debug|Win32
		{F63DB020-36F4-44E5-ADED-452EDBCF22CA}.Debug|Win32.ActiveCfg = Debug|Win32
		{F63DB020-36F4-44E5-ADED-452EDBCF22CA}.Debug|Win32.Build.0 = Debug|Win32
		{F63DB020-36F4-44E5-ADED-452EDBCF22CA}.Release|Mixed Platforms.ActiveCfg = Release|Win32
		{F63DB020-36F4-44E5-ADED-452EDBCF22CA}.Release|Mixed Platforms.Build.0 = Release|Win32
		{F63DB020-36F4-44E5-ADED-452EDBCF22CA}.Release|STANDARDSDK_500 (ARMV4I).ActiveCfg = Release|Win32
		{F63DB020-36F4-44E5-ADED-452EDBCF22CA}.Release|Win32.ActiveCfg = Release|Win32
		{F63DB020-36F4-44E5-ADED-452EDBCF22CA}.Release|Win32.Build.0 = Release|Win32
		{B4C27C35-395C-4716-A696-68EB227077CC}.Debug|Mixed Platforms.ActiveCfg = Debug|Win32
		{B4C27C35-395C-4716-A696-68EB227077CC}.Debug|Mixed Platforms.Build.0 = Debug|Win32
		{B4C27C35-395C-4716-A696-68EB227077CC}.Debug|STANDARDSDK_500 (ARMV4I).ActiveCfg = Debug|STANDARDSDK_500 (ARMV4I)
		{B4C27C35-395C-4716-A696-68EB227077CC}.Debug|STANDARDSDK_500 (ARMV4I).Build.0 = Debug|STANDARDSDK_500 (ARMV4I)
		{B4C27C35-395C-4716-A696-68EB227077CC}.Debug|STANDARDSDK_500 (ARMV4I).Deploy.0 = Debug|STANDARDSDK_500 (ARMV4I)
		{B4C27C35-395C-4716-A696-68EB227077CC}.Debug|Win32.ActiveCfg = Debug|Win32
		{B4C27C35-395C-4716-A696-68EB227077CC}.Debug|Win32.Build.0 = Debug|Win32
		{B4C27C35-395C-4716-A696-68EB227077CC}.Release|Mixed Platforms.ActiveCfg = Release|Win32
		{B4C27C35-395C-4716-A696-68EB227077CC}.Release|Mixed Platforms.Build.0 = Release|Win32
		{B4C27C35-395C-4716-A696-68EB227077CC}.Release|STANDARDSDK_500 (ARMV4I).ActiveCfg = Release|STANDARDSDK_500 (ARMV4I)
		{B4C27C35-395C-4716-A696-68EB227077CC}.Release|STANDARDSDK_500 (ARMV4I).Build.0 = Release|STANDARDSDK_500 (ARMV4I)
		{B4C27C35-395C-4716-A696-68EB227077CC}.Release|STANDARDSDK_500 (ARMV4I).Deploy.0 = Release|STANDARDSDK_500 (ARMV4I)
		{B4C27C35-395C-4716-A696-68EB227077CC}.Release|Win32.ActiveCfg = Release|Win32
		{B4C27C35-395C-4716-A696-68EB227077CC}.Release|Win32.Build.0 = Release|Win32
		{40726A58-F845-4CF5-97E6-49C0934494A1}.Debug|Mixed Platforms.ActiveCfg = Debug|Win32
		{40726A58-F845-4CF5-97E6-49C0934494A1}.Debug|Mixed Platforms.Build.0 = Debug|Win32
		{40726A58-F845-4CF5-97E6-49C0934494A1}.Debug|STANDARDSDK_500 (ARMV4I).ActiveCfg = Debug|STANDARDSDK_500 (ARMV4I)
		{40726A58-F845-4CF5-97E6-49C0934494A1}.Debug|STANDARDSDK_500 (ARMV4I).Build.0 = Debug|STANDARDSDK_500 (ARMV4I)
		{40726A58-F845-4CF5-97E6-49C0934494A1}.Debug|STANDARDSDK_500 (ARMV4I).Deploy.0 = Debug|STANDARDSDK_500 (ARMV4I)
		{40726A58-F845-4CF5-97E6-49C0934494A1}.Debug|Win32.ActiveCfg = Debug|Win32
		{40726A58-F845-4CF5-97E6-49C0934494A1}.Debug|Win32.Build.0 = Debug|Win32
		{40726A58-F845-4CF5-97E6-49C0934494A1}.Release|Mixed Platforms.ActiveCfg = Release|Win32
		{40726A58-F845-4CF5-97E6-49C0934494A1}.Release|Mixed Platforms.Build.0 = Release|Win32
		{40726A58-F845-4CF5-97E6-49C0934494A1}.Release|STANDARDSDK_500 (ARMV4I).ActiveCfg = Release|STANDARDSDK_500 (ARMV4I)
		{40726A58-F845-4CF5-97E6-49C0934494A1}.Release|STANDARDSDK_500 (ARMV4I).Build.0 = Release|STANDARDSDK_500 (ARMV4I)
		{40726A58-F845-4CF5-97E6-49C0934494A1}.Release|STANDARDSDK_500 (ARMV4I).Deploy.0 = Release|STANDARDSDK_500 (ARMV4I)
		{40726A58-F845-4CF5-97E6-49C0934494A1}.Release|Win32.ActiveCfg = Release|Win32
		{40726A58-F845-4CF5-97E6-49C0934494A1}.Release|Win32.Build.0 = Release|Win32
		{04DBDE62-9898-48C7-AA48-530F242E844E}.Debug|Mixed Platforms.ActiveCfg = Debug|STANDARDSDK_500 (ARMV4I)
		{04DBDE62-9898-48C7-AA48-530F242E844E}.Debug|Mixed Platforms.Build.0 = Debug|STANDARDSDK_500 (ARMV4I)
		{04DBDE62-9898-48C7-AA48-530F242E844E}.Debug|Mixed Platforms.Deploy.0 = Debug|STANDARDSDK_500 (ARMV4I)
		{04DBDE62-9898-48C7-AA48-530F242E844E}.Debug|STANDARDSDK_500 (ARMV4I).ActiveCfg = Debug|STANDARDSDK_500 (ARMV4I)
		{04DBDE62-9898-48C7-AA48-530F242E844E}.Debug|STANDARDSDK_500 (ARMV4I).Build.0 = Debug|STANDARDSDK_500 (ARMV4I)
		{04DBDE62-9898-48C7-AA48-530F242E844E}.Debug|STANDARDSDK_500 (ARMV4I).Deploy.0 = Debug|STANDARDSDK_500 (ARMV4I)
		{04DBDE62-9898-48C7-AA48-530F242E844E}.Debug|Win32.ActiveCfg = Debug|STANDARDSDK_500 (ARMV4I)
		{04DBDE62-9898-48C7-AA48-530F242E844E}.Release|Mixed Platforms.ActiveCfg = Release|STANDARDSDK_500 (ARMV4I)
		{04DBDE62-9898-48C7-AA48-530F242E844E}.Release|Mixed Platforms.Build.0 = Release|STANDARDSDK_500 (ARMV4I)
		{04DBDE62-9898-48C7-AA48-530F242E844E}.Release|Mixed Platforms.Deploy.0 = Release|STANDARDSDK_500 (ARMV4I)
		{04DBDE62-9898-48C7-AA48-530F242E844E}.Release|STANDARDSDK_500 (ARMV4I).ActiveCfg = Release|STANDARDSDK_500 (ARMV4I)
		{04DBDE62-9898-48C7-AA48-530F242E844E}.Release|STANDARDSDK_500 (ARMV4I).Build.0 = Release|STANDARDSDK_500 (ARMV4I)
		{04DBDE62-9898-48C7-AA48-530F242E844E}.Release|STANDARDSDK_500 (ARMV4I).Deploy.0 = Release|STANDARDSDK_500 (ARMV4I)
		{04DBDE62-9898-48C7-AA48-530F242E844E}.Release|Win32.ActiveCfg = Release|STANDARDSDK_500 (ARMV4I)
	EndGlobalSection
	GlobalSection(SolutionProperties) = preSolution
		HideSolutionNode = FALSE
	EndGlobalSection
EndGlobal
